
Microsoft Visual Studio Solution File, Format Version 12.00
# Visual Studio Version 17
VisualStudioVersion = 17.10.34928.147
MinimumVisualStudioVersion = 10.0.40219.1
Project("{FAE04EC0-301F-11D3-BF4B-00C04F79EFBC}") = "Projet1_ApplicationConsole", "Projet1_ApplicationConsole\Projet1_ApplicationConsole.csproj", "{9E67DA2C-DE25-40EB-A9C0-27C6A2C444E2}"
EndProject
Global
	GlobalSection(SolutionConfigurationPlatforms) = preSolution
		Debug|Any CPU = Debug|Any CPU
		Release|Any CPU = Release|Any CPU
	EndGlobalSection
	GlobalSection(ProjectConfigurationPlatforms) = postSolution
		{9E67DA2C-DE25-40EB-A9C0-27C6A2C444E2}.Debug|Any CPU.ActiveCfg = Debug|Any CPU
		{9E67DA2C-DE25-40EB-A9C0-27C6A2C444E2}.Debug|Any CPU.Build.0 = Debug|Any CPU
		{9E67DA2C-DE25-40EB-A9C0-27C6A2C444E2}.Release|Any CPU.ActiveCfg = Release|Any CPU
		{9E67DA2C-DE25-40EB-A9C0-27C6A2C444E2}.Release|Any CPU.Build.0 = Release|Any CPU
	EndGlobalSection
	GlobalSection(SolutionProperties) = preSolution
		HideSolutionNode = FALSE
	EndGlobalSection
	GlobalSection(ExtensibilityGlobals) = postSolution
		SolutionGuid = {2E263481-F49E-466D-99BF-6CCAC072A5F9}
	EndGlobalSection
EndGlobal
